
Microsoft Visual Studio Solution File, Format Version 12.00
# Visual Studio Version 17
VisualStudioVersion = 17.2.32519.379
MinimumVisualStudioVersion = 10.0.40219.1
Project("{FAE04EC0-301F-11D3-BF4B-00C04F79EFBC}") = "InMemoryDBSupportingTransac", "ConsoleApp1\InMemoryDBSupportingTransac.csproj", "{467AC0A7-EC17-4890-96F9-229FCFA19129}"
EndProject
Global
	GlobalSection(SolutionConfigurationPlatforms) = preSolution
		Debug|Any CPU = Debug|Any CPU
		Release|Any CPU = Release|Any CPU
	EndGlobalSection
	GlobalSection(ProjectConfigurationPlatforms) = postSolution
		{467AC0A7-EC17-4890-96F9-229FCFA19129}.Debug|Any CPU.ActiveCfg = Debug|Any CPU
		{467AC0A7-EC17-4890-96F9-229FCFA19129}.Debug|Any CPU.Build.0 = Debug|Any CPU
		{467AC0A7-EC17-4890-96F9-229FCFA19129}.Release|Any CPU.ActiveCfg = Release|Any CPU
		{467AC0A7-EC17-4890-96F9-229FCFA19129}.Release|Any CPU.Build.0 = Release|Any CPU
	EndGlobalSection
	GlobalSection(SolutionProperties) = preSolution
		HideSolutionNode = FALSE
	EndGlobalSection
	GlobalSection(ExtensibilityGlobals) = postSolution
		SolutionGuid = {A94563BB-37C0-4ECE-A1E0-D4F5850FA849}
	EndGlobalSection
EndGlobal
